{
  "name": "create-octoherd-script",
  "version": "0.0.0-development",
  "lockfileVersion": 3,
  "requires": true,
  "packages": {
    "": {
      "name": "create-octoherd-script",
      "version": "0.0.0-development",
      "license": "ISC",
      "dependencies": {
        "@octokit/auth-oauth-device": "^8.0.0",
        "@octokit/core": "^7.0.0",
        "camelcase": "^9.0.0",
        "clipboardy": "^5.0.0",
        "decamelize": "^6.0.0",
        "execa": "^9.0.0",
        "inquirer": "^13.0.0",
        "prettier": "^3.0.0",
        "spdx-license-list": "^6.3.0"
      },
      "bin": {
        "create-octoherd-script": "cli.js"
      },
      "devDependencies": {
        "@types/node": "^24.0.0"
      },
      "engines": {
        "node": ">= 18"
      }
    },
    "node_modules/@inquirer/ansi": {
      "version": "2.0.1",
      "resolved": "https://registry.npmjs.org/@inquirer/ansi/-/ansi-2.0.1.tgz",
      "integrity": "sha512-QAZUk6BBncv/XmSEZTscd8qazzjV3E0leUMrEPjxCd51QBgCKmprUGLex5DTsNtURm7LMzv+CLcd6S86xvBfYg==",
      "license": "MIT",
      "engines": {
        "node": ">=23.5.0 || ^22.13.0 || ^21.7.0 || ^20.12.0"
      }
    },
    "node_modules/@inquirer/checkbox": {
      "version": "5.0.1",
      "resolved": "https://registry.npmjs.org/@inquirer/checkbox/-/checkbox-5.0.1.tgz",
      "integrity": "sha512-5VPFBK8jKdsjMK3DTFOlbR0+Kkd4q0AWB7VhWQn6ppv44dr3b7PU8wSJQTC5oA0f/aGW7v/ZozQJAY9zx6PKig==",
      "license": "MIT",
      "dependencies": {
        "@inquirer/ansi": "^2.0.1",
        "@inquirer/core": "^11.0.1",
        "@inquirer/figures": "^2.0.1",
        "@inquirer/type": "^4.0.1"
      },
      "engines": {
        "node": ">=23.5.0 || ^22.13.0 || ^21.7.0 || ^20.12.0"
      },
      "peerDependencies": {
        "@types/node": ">=18"
      },
      "peerDependenciesMeta": {
        "@types/node": {
          "optional": true
        }
      }
    },
    "node_modules/@inquirer/confirm": {
      "version": "6.0.1",
      "resolved": "https://registry.npmjs.org/@inquirer/confirm/-/confirm-6.0.1.tgz",
      "integrity": "sha512-wD+pM7IxLn1TdcQN12Q6wcFe5VpyCuh/I2sSmqO5KjWH2R4v+GkUToHb+PsDGobOe1MtAlXMwGNkZUPc2+L6NA==",
      "license": "MIT",
      "dependencies": {
        "@inquirer/core": "^11.0.1",
        "@inquirer/type": "^4.0.1"
      },
      "engines": {
        "node": ">=23.5.0 || ^22.13.0 || ^21.7.0 || ^20.12.0"
      },
      "peerDependencies": {
        "@types/node": ">=18"
      },
      "peerDependenciesMeta": {
        "@types/node": {
          "optional": true
        }
      }
    },
    "node_modules/@inquirer/core": {
      "version": "11.0.1",
      "resolved": "https://registry.npmjs.org/@inquirer/core/-/core-11.0.1.tgz",
      "integrity": "sha512-Tpf49h50e4KYffVUCXzkx4gWMafUi3aDQDwfVAAGBNnVcXiwJIj4m2bKlZ7Kgyf6wjt1eyXH1wDGXcAokm4Ssw==",
      "license": "MIT",
      "dependencies": {
        "@inquirer/ansi": "^2.0.1",
        "@inquirer/figures": "^2.0.1",
        "@inquirer/type": "^4.0.1",
        "cli-width": "^4.1.0",
        "mute-stream": "^3.0.0",
        "signal-exit": "^4.1.0",
        "wrap-ansi": "^9.0.2"
      },
      "engines": {
        "node": ">=23.5.0 || ^22.13.0 || ^21.7.0 || ^20.12.0"
      },
      "peerDependencies": {
        "@types/node": ">=18"
      },
      "peerDependenciesMeta": {
        "@types/node": {
          "optional": true
        }
      }
    },
    "node_modules/@inquirer/editor": {
      "version": "5.0.1",
      "resolved": "https://registry.npmjs.org/@inquirer/editor/-/editor-5.0.1.tgz",
      "integrity": "sha512-zDKobHI7Ry++4noiV9Z5VfYgSVpPZoMApviIuGwLOMciQaP+dGzCO+1fcwI441riklRiZg4yURWyEoX0Zy2zZw==",
      "license": "MIT",
      "dependencies": {
        "@inquirer/core": "^11.0.1",
        "@inquirer/external-editor": "^2.0.1",
        "@inquirer/type": "^4.0.1"
      },
      "engines": {
        "node": ">=23.5.0 || ^22.13.0 || ^21.7.0 || ^20.12.0"
      },
      "peerDependencies": {
        "@types/node": ">=18"
      },
      "peerDependenciesMeta": {
        "@types/node": {
          "optional": true
        }
      }
    },
    "node_modules/@inquirer/expand": {
      "version": "5.0.1",
      "resolved": "https://registry.npmjs.org/@inquirer/expand/-/expand-5.0.1.tgz",
      "integrity": "sha512-TBrTpAB6uZNnGQHtSEkbvJZIQ3dXZOrwqQSO9uUbwct3G2LitwBCE5YZj98MbQ5nzihzs5pRjY1K9RRLH4WgoA==",
      "license": "MIT",
      "dependencies": {
        "@inquirer/core": "^11.0.1",
        "@inquirer/type": "^4.0.1"
      },
      "engines": {
        "node": ">=23.5.0 || ^22.13.0 || ^21.7.0 || ^20.12.0"
      },
      "peerDependencies": {
        "@types/node": ">=18"
      },
      "peerDependenciesMeta": {
        "@types/node": {
          "optional": true
        }
      }
    },
    "node_modules/@inquirer/external-editor": {
      "version": "2.0.1",
      "resolved": "https://registry.npmjs.org/@inquirer/external-editor/-/external-editor-2.0.1.tgz",
      "integrity": "sha512-BPYWJXCAK9w6R+pb2s3WyxUz9ts9SP/LDOUwA9fu7LeuyYgojz83i0DSRwezu736BgMwz14G63Xwj70hSzHohQ==",
      "license": "MIT",
      "dependencies": {
        "chardet": "^2.1.1",
        "iconv-lite": "^0.7.0"
      },
      "engines": {
        "node": ">=23.5.0 || ^22.13.0 || ^21.7.0 || ^20.12.0"
      },
      "peerDependencies": {
        "@types/node": ">=18"
      },
      "peerDependenciesMeta": {
        "@types/node": {
          "optional": true
        }
      }
    },
    "node_modules/@inquirer/figures": {
      "version": "2.0.1",
      "resolved": "https://registry.npmjs.org/@inquirer/figures/-/figures-2.0.1.tgz",
      "integrity": "sha512-KtMxyjLCuDFqAWHmCY9qMtsZ09HnjMsm8H3OvpSIpfhHdfw3/AiGWHNrfRwbyvHPtOJpumm8wGn5fkhtvkWRsg==",
      "license": "MIT",
      "engines": {
        "node": ">=23.5.0 || ^22.13.0 || ^21.7.0 || ^20.12.0"
      }
    },
    "node_modules/@inquirer/input": {
      "version": "5.0.1",
      "resolved": "https://registry.npmjs.org/@inquirer/input/-/input-5.0.1.tgz",
      "integrity": "sha512-cEhEUohCpE2BCuLKtFFZGp4Ief05SEcqeAOq9NxzN5ThOQP8Rl5N/Nt9VEDORK1bRb2Sk/zoOyQYfysPQwyQtA==",
      "license": "MIT",
      "dependencies": {
        "@inquirer/core": "^11.0.1",
        "@inquirer/type": "^4.0.1"
      },
      "engines": {
        "node": ">=23.5.0 || ^22.13.0 || ^21.7.0 || ^20.12.0"
      },
      "peerDependencies": {
        "@types/node": ">=18"
      },
      "peerDependenciesMeta": {
        "@types/node": {
          "optional": true
        }
      }
    },
    "node_modules/@inquirer/number": {
      "version": "4.0.1",
      "resolved": "https://registry.npmjs.org/@inquirer/number/-/number-4.0.1.tgz",
      "integrity": "sha512-4//zgBGHe8Q/FfCoUXZUrUHyK/q5dyqiwsePz3oSSPSmw1Ijo35ZkjaftnxroygcUlLYfXqm+0q08lnB5hd49A==",
      "license": "MIT",
      "dependencies": {
        "@inquirer/core": "^11.0.1",
        "@inquirer/type": "^4.0.1"
      },
      "engines": {
        "node": ">=23.5.0 || ^22.13.0 || ^21.7.0 || ^20.12.0"
      },
      "peerDependencies": {
        "@types/node": ">=18"
      },
      "peerDependenciesMeta": {
        "@types/node": {
          "optional": true
        }
      }
    },
    "node_modules/@inquirer/password": {
      "version": "5.0.1",
      "resolved": "https://registry.npmjs.org/@inquirer/password/-/password-5.0.1.tgz",
      "integrity": "sha512-UJudHpd7Ia30Q+x+ctYqI9Nh6SyEkaBscpa7J6Ts38oc1CNSws0I1hJEdxbQBlxQd65z5GEJPM4EtNf6tzfWaQ==",
      "license": "MIT",
      "dependencies": {
        "@inquirer/ansi": "^2.0.1",
        "@inquirer/core": "^11.0.1",
        "@inquirer/type": "^4.0.1"
      },
      "engines": {
        "node": ">=23.5.0 || ^22.13.0 || ^21.7.0 || ^20.12.0"
      },
      "peerDependencies": {
        "@types/node": ">=18"
      },
      "peerDependenciesMeta": {
        "@types/node": {
          "optional": true
        }
      }
    },
    "node_modules/@inquirer/prompts": {
      "version": "8.0.1",
      "resolved": "https://registry.npmjs.org/@inquirer/prompts/-/prompts-8.0.1.tgz",
      "integrity": "sha512-MURRu/cyvLm9vchDDaVZ9u4p+ADnY0Mz3LQr0KTgihrrvuKZlqcWwlBC4lkOMvd0KKX4Wz7Ww9+uA7qEpQaqjg==",
      "license": "MIT",
      "dependencies": {
        "@inquirer/checkbox": "^5.0.1",
        "@inquirer/confirm": "^6.0.1",
        "@inquirer/editor": "^5.0.1",
        "@inquirer/expand": "^5.0.1",
        "@inquirer/input": "^5.0.1",
        "@inquirer/number": "^4.0.1",
        "@inquirer/password": "^5.0.1",
        "@inquirer/rawlist": "^5.0.1",
        "@inquirer/search": "^4.0.1",
        "@inquirer/select": "^5.0.1"
      },
      "engines": {
        "node": ">=23.5.0 || ^22.13.0 || ^21.7.0 || ^20.12.0"
      },
      "peerDependencies": {
        "@types/node": ">=18"
      },
      "peerDependenciesMeta": {
        "@types/node": {
          "optional": true
        }
      }
    },
    "node_modules/@inquirer/rawlist": {
      "version": "5.0.1",
      "resolved": "https://registry.npmjs.org/@inquirer/rawlist/-/rawlist-5.0.1.tgz",
      "integrity": "sha512-vVfVHKUgH6rZmMlyd0jOuGZo0Fw1jfcOqZF96lMwlgavx7g0x7MICe316bV01EEoI+c68vMdbkTTawuw3O+Fgw==",
      "license": "MIT",
      "dependencies": {
        "@inquirer/core": "^11.0.1",
        "@inquirer/type": "^4.0.1"
      },
      "engines": {
        "node": ">=23.5.0 || ^22.13.0 || ^21.7.0 || ^20.12.0"
      },
      "peerDependencies": {
        "@types/node": ">=18"
      },
      "peerDependenciesMeta": {
        "@types/node": {
          "optional": true
        }
      }
    },
    "node_modules/@inquirer/search": {
      "version": "4.0.1",
      "resolved": "https://registry.npmjs.org/@inquirer/search/-/search-4.0.1.tgz",
      "integrity": "sha512-XwiaK5xBvr31STX6Ji8iS3HCRysBXfL/jUbTzufdWTS6LTGtvDQA50oVETt1BJgjKyQBp9vt0VU6AmU/AnOaGA==",
      "license": "MIT",
      "dependencies": {
        "@inquirer/core": "^11.0.1",
        "@inquirer/figures": "^2.0.1",
        "@inquirer/type": "^4.0.1"
      },
      "engines": {
        "node": ">=23.5.0 || ^22.13.0 || ^21.7.0 || ^20.12.0"
      },
      "peerDependencies": {
        "@types/node": ">=18"
      },
      "peerDependenciesMeta": {
        "@types/node": {
          "optional": true
        }
      }
    },
    "node_modules/@inquirer/select": {
      "version": "5.0.1",
      "resolved": "https://registry.npmjs.org/@inquirer/select/-/select-5.0.1.tgz",
      "integrity": "sha512-gPByrgYoezGyKMq5KjV7Tuy1JU2ArIy6/sI8sprw0OpXope3VGQwP5FK1KD4eFFqEhKu470Dwe6/AyDPmGRA0Q==",
      "license": "MIT",
      "dependencies": {
        "@inquirer/ansi": "^2.0.1",
        "@inquirer/core": "^11.0.1",
        "@inquirer/figures": "^2.0.1",
        "@inquirer/type": "^4.0.1"
      },
      "engines": {
        "node": ">=23.5.0 || ^22.13.0 || ^21.7.0 || ^20.12.0"
      },
      "peerDependencies": {
        "@types/node": ">=18"
      },
      "peerDependenciesMeta": {
        "@types/node": {
          "optional": true
        }
      }
    },
    "node_modules/@inquirer/type": {
      "version": "4.0.1",
      "resolved": "https://registry.npmjs.org/@inquirer/type/-/type-4.0.1.tgz",
      "integrity": "sha512-odO8YwoQAw/eVu/PSPsDDVPmqO77r/Mq7zcoF5VduVqIu2wSRWUgmYb5K9WH1no0SjLnOe8MDKtDL++z6mfo2g==",
      "license": "MIT",
      "engines": {
        "node": ">=23.5.0 || ^22.13.0 || ^21.7.0 || ^20.12.0"
      },
      "peerDependencies": {
        "@types/node": ">=18"
      },
      "peerDependenciesMeta": {
        "@types/node": {
          "optional": true
        }
      }
    },
    "node_modules/@octokit/auth-oauth-device": {
      "version": "8.0.3",
      "resolved": "https://registry.npmjs.org/@octokit/auth-oauth-device/-/auth-oauth-device-8.0.3.tgz",
      "integrity": "sha512-zh2W0mKKMh/VWZhSqlaCzY7qFyrgd9oTWmTmHaXnHNeQRCZr/CXy2jCgHo4e4dJVTiuxP5dLa0YM5p5QVhJHbw==",
      "license": "MIT",
      "dependencies": {
        "@octokit/oauth-methods": "^6.0.2",
        "@octokit/request": "^10.0.6",
        "@octokit/types": "^16.0.0",
        "universal-user-agent": "^7.0.0"
      },
      "engines": {
        "node": ">= 20"
      }
    },
    "node_modules/@octokit/auth-token": {
      "version": "6.0.0",
      "resolved": "https://registry.npmjs.org/@octokit/auth-token/-/auth-token-6.0.0.tgz",
      "integrity": "sha512-P4YJBPdPSpWTQ1NU4XYdvHvXJJDxM6YwpS0FZHRgP7YFkdVxsWcpWGy/NVqlAA7PcPCnMacXlRm1y2PFZRWL/w==",
      "license": "MIT",
      "engines": {
        "node": ">= 20"
      }
    },
    "node_modules/@octokit/core": {
      "version": "7.0.6",
      "resolved": "https://registry.npmjs.org/@octokit/core/-/core-7.0.6.tgz",
      "integrity": "sha512-DhGl4xMVFGVIyMwswXeyzdL4uXD5OGILGX5N8Y+f6W7LhC1Ze2poSNrkF/fedpVDHEEZ+PHFW0vL14I+mm8K3Q==",
      "license": "MIT",
      "dependencies": {
        "@octokit/auth-token": "^6.0.0",
        "@octokit/graphql": "^9.0.3",
        "@octokit/request": "^10.0.6",
        "@octokit/request-error": "^7.0.2",
        "@octokit/types": "^16.0.0",
        "before-after-hook": "^4.0.0",
        "universal-user-agent": "^7.0.0"
      },
      "engines": {
        "node": ">= 20"
      }
    },
    "node_modules/@octokit/endpoint": {
      "version": "11.0.2",
      "resolved": "https://registry.npmjs.org/@octokit/endpoint/-/endpoint-11.0.2.tgz",
      "integrity": "sha512-4zCpzP1fWc7QlqunZ5bSEjxc6yLAlRTnDwKtgXfcI/FxxGoqedDG8V2+xJ60bV2kODqcGB+nATdtap/XYq2NZQ==",
      "license": "MIT",
      "dependencies": {
        "@octokit/types": "^16.0.0",
        "universal-user-agent": "^7.0.2"
      },
      "engines": {
        "node": ">= 20"
      }
    },
    "node_modules/@octokit/graphql": {
      "version": "9.0.3",
      "resolved": "https://registry.npmjs.org/@octokit/graphql/-/graphql-9.0.3.tgz",
      "integrity": "sha512-grAEuupr/C1rALFnXTv6ZQhFuL1D8G5y8CN04RgrO4FIPMrtm+mcZzFG7dcBm+nq+1ppNixu+Jd78aeJOYxlGA==",
      "license": "MIT",
      "dependencies": {
        "@octokit/request": "^10.0.6",
        "@octokit/types": "^16.0.0",
        "universal-user-agent": "^7.0.0"
      },
      "engines": {
        "node": ">= 20"
      }
    },
    "node_modules/@octokit/oauth-authorization-url": {
      "version": "8.0.0",
      "resolved": "https://registry.npmjs.org/@octokit/oauth-authorization-url/-/oauth-authorization-url-8.0.0.tgz",
      "integrity": "sha512-7QoLPRh/ssEA/HuHBHdVdSgF8xNLz/Bc5m9fZkArJE5bb6NmVkDm3anKxXPmN1zh6b5WKZPRr3697xKT/yM3qQ==",
      "license": "MIT",
      "engines": {
        "node": ">= 20"
      }
    },
    "node_modules/@octokit/oauth-methods": {
      "version": "6.0.2",
      "resolved": "https://registry.npmjs.org/@octokit/oauth-methods/-/oauth-methods-6.0.2.tgz",
      "integrity": "sha512-HiNOO3MqLxlt5Da5bZbLV8Zarnphi4y9XehrbaFMkcoJ+FL7sMxH/UlUsCVxpddVu4qvNDrBdaTVE2o4ITK8ng==",
      "license": "MIT",
      "dependencies": {
        "@octokit/oauth-authorization-url": "^8.0.0",
        "@octokit/request": "^10.0.6",
        "@octokit/request-error": "^7.0.2",
        "@octokit/types": "^16.0.0"
      },
      "engines": {
        "node": ">= 20"
      }
    },
    "node_modules/@octokit/openapi-types": {
      "version": "27.0.0",
      "resolved": "https://registry.npmjs.org/@octokit/openapi-types/-/openapi-types-27.0.0.tgz",
      "integrity": "sha512-whrdktVs1h6gtR+09+QsNk2+FO+49j6ga1c55YZudfEG+oKJVvJLQi3zkOm5JjiUXAagWK2tI2kTGKJ2Ys7MGA==",
      "license": "MIT"
    },
    "node_modules/@octokit/request": {
      "version": "10.0.7",
      "resolved": "https://registry.npmjs.org/@octokit/request/-/request-10.0.7.tgz",
      "integrity": "sha512-v93h0i1yu4idj8qFPZwjehoJx4j3Ntn+JhXsdJrG9pYaX6j/XRz2RmasMUHtNgQD39nrv/VwTWSqK0RNXR8upA==",
      "license": "MIT",
      "dependencies": {
        "@octokit/endpoint": "^11.0.2",
        "@octokit/request-error": "^7.0.2",
        "@octokit/types": "^16.0.0",
        "fast-content-type-parse": "^3.0.0",
        "universal-user-agent": "^7.0.2"
      },
      "engines": {
        "node": ">= 20"
      }
    },
    "node_modules/@octokit/request-error": {
      "version": "7.1.0",
      "resolved": "https://registry.npmjs.org/@octokit/request-error/-/request-error-7.1.0.tgz",
      "integrity": "sha512-KMQIfq5sOPpkQYajXHwnhjCC0slzCNScLHs9JafXc4RAJI+9f+jNDlBNaIMTvazOPLgb4BnlhGJOTbnN0wIjPw==",
      "license": "MIT",
      "dependencies": {
        "@octokit/types": "^16.0.0"
      },
      "engines": {
        "node": ">= 20"
      }
    },
    "node_modules/@octokit/types": {
      "version": "16.0.0",
      "resolved": "https://registry.npmjs.org/@octokit/types/-/types-16.0.0.tgz",
      "integrity": "sha512-sKq+9r1Mm4efXW1FCk7hFSeJo4QKreL/tTbR0rz/qx/r1Oa2VV83LTA/H/MuCOX7uCIJmQVRKBcbmWoySjAnSg==",
      "license": "MIT",
      "dependencies": {
        "@octokit/openapi-types": "^27.0.0"
      }
    },
    "node_modules/@sec-ant/readable-stream": {
      "version": "0.4.1",
      "resolved": "https://registry.npmjs.org/@sec-ant/readable-stream/-/readable-stream-0.4.1.tgz",
      "integrity": "sha512-831qok9r2t8AlxLko40y2ebgSDhenenCatLVeW/uBtnHPyhHOvG0C7TvfgecV+wHzIm5KUICgzmVpWS+IMEAeg==",
      "license": "MIT"
    },
    "node_modules/@sindresorhus/merge-streams": {
      "version": "4.0.0",
      "resolved": "https://registry.npmjs.org/@sindresorhus/merge-streams/-/merge-streams-4.0.0.tgz",
      "integrity": "sha512-tlqY9xq5ukxTUZBmoOp+m61cqwQD5pHJtFY3Mn8CA8ps6yghLH/Hw8UPdqg4OLmFW3IFlcXnQNmo/dh8HzXYIQ==",
      "license": "MIT",
      "engines": {
        "node": ">=18"
      },
      "funding": {
        "url": "https://github.com/sponsors/sindresorhus"
      }
    },
    "node_modules/@types/node": {
      "version": "24.10.1",
      "resolved": "https://registry.npmjs.org/@types/node/-/node-24.10.1.tgz",
      "integrity": "sha512-GNWcUTRBgIRJD5zj+Tq0fKOJ5XZajIiBroOF0yvj2bSU1WvNdYS/dn9UxwsujGW4JX06dnHyjV2y9rRaybH0iQ==",
      "devOptional": true,
      "license": "MIT",
      "peer": true,
      "dependencies": {
        "undici-types": "~7.16.0"
      }
    },
    "node_modules/ansi-regex": {
      "version": "6.2.2",
      "resolved": "https://registry.npmjs.org/ansi-regex/-/ansi-regex-6.2.2.tgz",
      "integrity": "sha512-Bq3SmSpyFHaWjPk8If9yc6svM8c56dB5BAtW4Qbw5jHTwwXXcTLoRMkpDJp6VL0XzlWaCHTXrkFURMYmD0sLqg==",
      "license": "MIT",
      "engines": {
        "node": ">=12"
      },
      "funding": {
        "url": "https://github.com/chalk/ansi-regex?sponsor=1"
      }
    },
    "node_modules/ansi-styles": {
      "version": "6.2.3",
      "resolved": "https://registry.npmjs.org/ansi-styles/-/ansi-styles-6.2.3.tgz",
      "integrity": "sha512-4Dj6M28JB+oAH8kFkTLUo+a2jwOFkuqb3yucU0CANcRRUbxS0cP0nZYCGjcc3BNXwRIsUVmDGgzawme7zvJHvg==",
      "license": "MIT",
      "engines": {
        "node": ">=12"
      },
      "funding": {
        "url": "https://github.com/chalk/ansi-styles?sponsor=1"
      }
    },
    "node_modules/before-after-hook": {
      "version": "4.0.0",
      "resolved": "https://registry.npmjs.org/before-after-hook/-/before-after-hook-4.0.0.tgz",
      "integrity": "sha512-q6tR3RPqIB1pMiTRMFcZwuG5T8vwp+vUvEG0vuI6B+Rikh5BfPp2fQ82c925FOs+b0lcFQ8CFrL+KbilfZFhOQ==",
      "license": "Apache-2.0"
    },
    "node_modules/camelcase": {
      "version": "9.0.0",
      "resolved": "https://registry.npmjs.org/camelcase/-/camelcase-9.0.0.tgz",
      "integrity": "sha512-TO9xmyXTZ9HUHI8M1OnvExxYB0eYVS/1e5s7IDMTAoIcwUd+aNcFODs6Xk83mobk0velyHFQgA1yIrvYc6wclw==",
      "license": "MIT",
      "engines": {
        "node": ">=20"
      },
      "funding": {
        "url": "https://github.com/sponsors/sindresorhus"
      }
    },
    "node_modules/chardet": {
      "version": "2.1.1",
      "resolved": "https://registry.npmjs.org/chardet/-/chardet-2.1.1.tgz",
      "integrity": "sha512-PsezH1rqdV9VvyNhxxOW32/d75r01NY7TQCmOqomRo15ZSOKbpTFVsfjghxo6JloQUCGnH4k1LGu0R4yCLlWQQ==",
      "license": "MIT"
    },
    "node_modules/cli-width": {
      "version": "4.1.0",
      "resolved": "https://registry.npmjs.org/cli-width/-/cli-width-4.1.0.tgz",
      "integrity": "sha512-ouuZd4/dm2Sw5Gmqy6bGyNNNe1qt9RpmxveLSO7KcgsTnU7RXfsw+/bukWGo1abgBiMAic068rclZsO4IWmmxQ==",
      "license": "ISC",
      "engines": {
        "node": ">= 12"
      }
    },
    "node_modules/clipboardy": {
      "version": "5.0.1",
      "resolved": "https://registry.npmjs.org/clipboardy/-/clipboardy-5.0.1.tgz",
      "integrity": "sha512-pJ5ZDWjOT593Nli4TqlRLy33KomlAPxIFntMFxXrCqJON1cGcGPT5nNFxRxJ9m4HbfrccsYve7XwXjywW6nXVw==",
      "license": "MIT",
      "dependencies": {
        "execa": "^9.6.0",
        "is-wayland": "^0.1.0",
        "is-wsl": "^3.1.0",
        "is64bit": "^2.0.0"
      },
      "engines": {
        "node": ">=20"
      },
      "funding": {
        "url": "https://github.com/sponsors/sindresorhus"
      }
    },
    "node_modules/cross-spawn": {
      "version": "7.0.6",
      "resolved": "https://registry.npmjs.org/cross-spawn/-/cross-spawn-7.0.6.tgz",
      "integrity": "sha512-uV2QOWP2nWzsy2aMp8aRibhi9dlzF5Hgh5SHaB9OiTGEyDTiJJyx0uy51QXdyWbtAHNua4XJzUKca3OzKUd3vA==",
      "license": "MIT",
      "dependencies": {
        "path-key": "^3.1.0",
        "shebang-command": "^2.0.0",
        "which": "^2.0.1"
      },
      "engines": {
        "node": ">= 8"
      }
    },
    "node_modules/decamelize": {
      "version": "6.0.1",
      "resolved": "https://registry.npmjs.org/decamelize/-/decamelize-6.0.1.tgz",
      "integrity": "sha512-G7Cqgaelq68XHJNGlZ7lrNQyhZGsFqpwtGFexqUv4IQdjKoSYF7ipZ9UuTJZUSQXFj/XaoBLuEVIVqr8EJngEQ==",
      "license": "MIT",
      "engines": {
        "node": "^12.20.0 || ^14.13.1 || >=16.0.0"
      },
      "funding": {
        "url": "https://github.com/sponsors/sindresorhus"
      }
    },
    "node_modules/emoji-regex": {
      "version": "10.6.0",
      "resolved": "https://registry.npmjs.org/emoji-regex/-/emoji-regex-10.6.0.tgz",
      "integrity": "sha512-toUI84YS5YmxW219erniWD0CIVOo46xGKColeNQRgOzDorgBi1v4D71/OFzgD9GO2UGKIv1C3Sp8DAn0+j5w7A==",
      "license": "MIT"
    },
    "node_modules/execa": {
      "version": "9.6.0",
      "resolved": "https://registry.npmjs.org/execa/-/execa-9.6.0.tgz",
      "integrity": "sha512-jpWzZ1ZhwUmeWRhS7Qv3mhpOhLfwI+uAX4e5fOcXqwMR7EcJ0pj2kV1CVzHVMX/LphnKWD3LObjZCoJ71lKpHw==",
      "license": "MIT",
      "dependencies": {
        "@sindresorhus/merge-streams": "^4.0.0",
        "cross-spawn": "^7.0.6",
        "figures": "^6.1.0",
        "get-stream": "^9.0.0",
        "human-signals": "^8.0.1",
        "is-plain-obj": "^4.1.0",
        "is-stream": "^4.0.1",
        "npm-run-path": "^6.0.0",
        "pretty-ms": "^9.2.0",
        "signal-exit": "^4.1.0",
        "strip-final-newline": "^4.0.0",
        "yoctocolors": "^2.1.1"
      },
      "engines": {
        "node": "^18.19.0 || >=20.5.0"
      },
      "funding": {
        "url": "https://github.com/sindresorhus/execa?sponsor=1"
      }
    },
    "node_modules/fast-content-type-parse": {
      "version": "3.0.0",
      "resolved": "https://registry.npmjs.org/fast-content-type-parse/-/fast-content-type-parse-3.0.0.tgz",
      "integrity": "sha512-ZvLdcY8P+N8mGQJahJV5G4U88CSvT1rP8ApL6uETe88MBXrBHAkZlSEySdUlyztF7ccb+Znos3TFqaepHxdhBg==",
      "funding": [
        {
          "type": "github",
          "url": "https://github.com/sponsors/fastify"
        },
        {
          "type": "opencollective",
          "url": "https://opencollective.com/fastify"
        }
      ],
      "license": "MIT"
    },
    "node_modules/figures": {
      "version": "6.1.0",
      "resolved": "https://registry.npmjs.org/figures/-/figures-6.1.0.tgz",
      "integrity": "sha512-d+l3qxjSesT4V7v2fh+QnmFnUWv9lSpjarhShNTgBOfA0ttejbQUAlHLitbjkoRiDulW0OPoQPYIGhIC8ohejg==",
      "license": "MIT",
      "dependencies": {
        "is-unicode-supported": "^2.0.0"
      },
      "engines": {
        "node": ">=18"
      },
      "funding": {
        "url": "https://github.com/sponsors/sindresorhus"
      }
    },
    "node_modules/get-east-asian-width": {
      "version": "1.4.0",
      "resolved": "https://registry.npmjs.org/get-east-asian-width/-/get-east-asian-width-1.4.0.tgz",
      "integrity": "sha512-QZjmEOC+IT1uk6Rx0sX22V6uHWVwbdbxf1faPqJ1QhLdGgsRGCZoyaQBm/piRdJy/D2um6hM1UP7ZEeQ4EkP+Q==",
      "license": "MIT",
      "engines": {
        "node": ">=18"
      },
      "funding": {
        "url": "https://github.com/sponsors/sindresorhus"
      }
    },
    "node_modules/get-stream": {
      "version": "9.0.1",
      "resolved": "https://registry.npmjs.org/get-stream/-/get-stream-9.0.1.tgz",
      "integrity": "sha512-kVCxPF3vQM/N0B1PmoqVUqgHP+EeVjmZSQn+1oCRPxd2P21P2F19lIgbR3HBosbB1PUhOAoctJnfEn2GbN2eZA==",
      "license": "MIT",
      "dependencies": {
        "@sec-ant/readable-stream": "^0.4.1",
        "is-stream": "^4.0.1"
      },
      "engines": {
        "node": ">=18"
      },
      "funding": {
        "url": "https://github.com/sponsors/sindresorhus"
      }
    },
    "node_modules/human-signals": {
      "version": "8.0.1",
      "resolved": "https://registry.npmjs.org/human-signals/-/human-signals-8.0.1.tgz",
      "integrity": "sha512-eKCa6bwnJhvxj14kZk5NCPc6Hb6BdsU9DZcOnmQKSnO1VKrfV0zCvtttPZUsBvjmNDn8rpcJfpwSYnHBjc95MQ==",
      "license": "Apache-2.0",
      "engines": {
        "node": ">=18.18.0"
      }
    },
    "node_modules/iconv-lite": {
      "version": "0.7.0",
      "resolved": "https://registry.npmjs.org/iconv-lite/-/iconv-lite-0.7.0.tgz",
      "integrity": "sha512-cf6L2Ds3h57VVmkZe+Pn+5APsT7FpqJtEhhieDCvrE2MK5Qk9MyffgQyuxQTm6BChfeZNtcOLHp9IcWRVcIcBQ==",
      "license": "MIT",
      "dependencies": {
        "safer-buffer": ">= 2.1.2 < 3.0.0"
      },
      "engines": {
        "node": ">=0.10.0"
      },
      "funding": {
        "type": "opencollective",
        "url": "https://opencollective.com/express"
      }
    },
    "node_modules/inquirer": {
      "version": "13.0.1",
      "resolved": "https://registry.npmjs.org/inquirer/-/inquirer-13.0.1.tgz",
      "integrity": "sha512-+Qob/OSCmHIgyFKa4S+bDk36Nudwt+zpUBGZaSttGMnvsrzbIqtNFS9RutEPc2QAzpQxBP0cV3wmY/c5Vy73qg==",
      "license": "MIT",
      "dependencies": {
        "@inquirer/ansi": "^2.0.1",
        "@inquirer/core": "^11.0.1",
        "@inquirer/prompts": "^8.0.1",
        "@inquirer/type": "^4.0.1",
        "mute-stream": "^3.0.0",
        "run-async": "^4.0.6",
        "rxjs": "^7.8.2"
      },
      "engines": {
        "node": ">=23.5.0 || ^22.13.0 || ^21.7.0 || ^20.12.0"
      },
      "peerDependencies": {
        "@types/node": ">=18"
      },
      "peerDependenciesMeta": {
        "@types/node": {
          "optional": true
        }
      }
    },
    "node_modules/is-docker": {
      "version": "3.0.0",
      "resolved": "https://registry.npmjs.org/is-docker/-/is-docker-3.0.0.tgz",
      "integrity": "sha512-eljcgEDlEns/7AXFosB5K/2nCM4P7FQPkGc/DWLy5rmFEWvZayGrik1d9/QIY5nJ4f9YsVvBkA6kJpHn9rISdQ==",
      "license": "MIT",
      "bin": {
        "is-docker": "cli.js"
      },
      "engines": {
        "node": "^12.20.0 || ^14.13.1 || >=16.0.0"
      },
      "funding": {
        "url": "https://github.com/sponsors/sindresorhus"
      }
    },
    "node_modules/is-inside-container": {
      "version": "1.0.0",
      "resolved": "https://registry.npmjs.org/is-inside-container/-/is-inside-container-1.0.0.tgz",
      "integrity": "sha512-KIYLCCJghfHZxqjYBE7rEy0OBuTd5xCHS7tHVgvCLkx7StIoaxwNW3hCALgEUjFfeRk+MG/Qxmp/vtETEF3tRA==",
      "license": "MIT",
      "dependencies": {
        "is-docker": "^3.0.0"
      },
      "bin": {
        "is-inside-container": "cli.js"
      },
      "engines": {
        "node": ">=14.16"
      },
      "funding": {
        "url": "https://github.com/sponsors/sindresorhus"
      }
    },
    "node_modules/is-plain-obj": {
      "version": "4.1.0",
      "resolved": "https://registry.npmjs.org/is-plain-obj/-/is-plain-obj-4.1.0.tgz",
      "integrity": "sha512-+Pgi+vMuUNkJyExiMBt5IlFoMyKnr5zhJ4Uspz58WOhBF5QoIZkFyNHIbBAtHwzVAgk5RtndVNsDRN61/mmDqg==",
      "license": "MIT",
      "engines": {
        "node": ">=12"
      },
      "funding": {
        "url": "https://github.com/sponsors/sindresorhus"
      }
    },
    "node_modules/is-stream": {
      "version": "4.0.1",
      "resolved": "https://registry.npmjs.org/is-stream/-/is-stream-4.0.1.tgz",
      "integrity": "sha512-Dnz92NInDqYckGEUJv689RbRiTSEHCQ7wOVeALbkOz999YpqT46yMRIGtSNl2iCL1waAZSx40+h59NV/EwzV/A==",
      "license": "MIT",
      "engines": {
        "node": ">=18"
      },
      "funding": {
        "url": "https://github.com/sponsors/sindresorhus"
      }
    },
    "node_modules/is-unicode-supported": {
      "version": "2.1.0",
      "resolved": "https://registry.npmjs.org/is-unicode-supported/-/is-unicode-supported-2.1.0.tgz",
      "integrity": "sha512-mE00Gnza5EEB3Ds0HfMyllZzbBrmLOX3vfWoj9A9PEnTfratQ/BcaJOuMhnkhjXvb2+FkY3VuHqtAGpTPmglFQ==",
      "license": "MIT",
      "engines": {
        "node": ">=18"
      },
      "funding": {
        "url": "https://github.com/sponsors/sindresorhus"
      }
    },
    "node_modules/is-wayland": {
      "version": "0.1.0",
      "resolved": "https://registry.npmjs.org/is-wayland/-/is-wayland-0.1.0.tgz",
      "integrity": "sha512-QkbMsWkIfkrzOPxenwye0h56iAXirZYHG9eHVPb22fO9y+wPbaX/CHacOWBa/I++4ohTcByimhM1/nyCsH8KNA==",
      "license": "MIT",
      "engines": {
        "node": ">=20"
      },
      "funding": {
        "url": "https://github.com/sponsors/sindresorhus"
      }
    },
    "node_modules/is-wsl": {
      "version": "3.1.0",
      "resolved": "https://registry.npmjs.org/is-wsl/-/is-wsl-3.1.0.tgz",
      "integrity": "sha512-UcVfVfaK4Sc4m7X3dUSoHoozQGBEFeDC+zVo06t98xe8CzHSZZBekNXH+tu0NalHolcJ/QAGqS46Hef7QXBIMw==",
      "license": "MIT",
      "dependencies": {
        "is-inside-container": "^1.0.0"
      },
      "engines": {
        "node": ">=16"
      },
      "funding": {
        "url": "https://github.com/sponsors/sindresorhus"
      }
    },
    "node_modules/is64bit": {
      "version": "2.0.0",
      "resolved": "https://registry.npmjs.org/is64bit/-/is64bit-2.0.0.tgz",
      "integrity": "sha512-jv+8jaWCl0g2lSBkNSVXdzfBA0npK1HGC2KtWM9FumFRoGS94g3NbCCLVnCYHLjp4GrW2KZeeSTMo5ddtznmGw==",
      "license": "MIT",
      "dependencies": {
        "system-architecture": "^0.1.0"
      },
      "engines": {
        "node": ">=18"
      },
      "funding": {
        "url": "https://github.com/sponsors/sindresorhus"
      }
    },
    "node_modules/isexe": {
      "version": "2.0.0",
      "resolved": "https://registry.npmjs.org/isexe/-/isexe-2.0.0.tgz",
      "integrity": "sha512-RHxMLp9lnKHGHRng9QFhRCMbYAcVpn69smSGcq3f36xjgVVWThj4qqLbTLlq7Ssj8B+fIQ1EuCEGI2lKsyQeIw==",
      "license": "ISC"
    },
    "node_modules/mute-stream": {
      "version": "3.0.0",
      "resolved": "https://registry.npmjs.org/mute-stream/-/mute-stream-3.0.0.tgz",
      "integrity": "sha512-dkEJPVvun4FryqBmZ5KhDo0K9iDXAwn08tMLDinNdRBNPcYEDiWYysLcc6k3mjTMlbP9KyylvRpd4wFtwrT9rw==",
      "license": "ISC",
      "engines": {
        "node": "^20.17.0 || >=22.9.0"
      }
    },
    "node_modules/npm-run-path": {
      "version": "6.0.0",
      "resolved": "https://registry.npmjs.org/npm-run-path/-/npm-run-path-6.0.0.tgz",
      "integrity": "sha512-9qny7Z9DsQU8Ou39ERsPU4OZQlSTP47ShQzuKZ6PRXpYLtIFgl/DEBYEXKlvcEa+9tHVcK8CF81Y2V72qaZhWA==",
      "license": "MIT",
      "dependencies": {
        "path-key": "^4.0.0",
        "unicorn-magic": "^0.3.0"
      },
      "engines": {
        "node": ">=18"
      },
      "funding": {
        "url": "https://github.com/sponsors/sindresorhus"
      }
    },
    "node_modules/npm-run-path/node_modules/path-key": {
      "version": "4.0.0",
      "resolved": "https://registry.npmjs.org/path-key/-/path-key-4.0.0.tgz",
      "integrity": "sha512-haREypq7xkM7ErfgIyA0z+Bj4AGKlMSdlQE2jvJo6huWD1EdkKYV+G/T4nq0YEF2vgTT8kqMFKo1uHn950r4SQ==",
      "license": "MIT",
      "engines": {
        "node": ">=12"
      },
      "funding": {
        "url": "https://github.com/sponsors/sindresorhus"
      }
    },
    "node_modules/parse-ms": {
      "version": "4.0.0",
      "resolved": "https://registry.npmjs.org/parse-ms/-/parse-ms-4.0.0.tgz",
      "integrity": "sha512-TXfryirbmq34y8QBwgqCVLi+8oA3oWx2eAnSn62ITyEhEYaWRlVZ2DvMM9eZbMs/RfxPu/PK/aBLyGj4IrqMHw==",
      "license": "MIT",
      "engines": {
        "node": ">=18"
      },
      "funding": {
        "url": "https://github.com/sponsors/sindresorhus"
      }
    },
    "node_modules/path-key": {
      "version": "3.1.1",
      "resolved": "https://registry.npmjs.org/path-key/-/path-key-3.1.1.tgz",
      "integrity": "sha512-ojmeN0qd+y0jszEtoY48r0Peq5dwMEkIlCOu6Q5f41lfkswXuKtYrhgoTpLnyIcHm24Uhqx+5Tqm2InSwLhE6Q==",
      "license": "MIT",
      "engines": {
        "node": ">=8"
      }
    },
    "node_modules/prettier": {
      "version": "3.6.2",
      "resolved": "https://registry.npmjs.org/prettier/-/prettier-3.6.2.tgz",
      "integrity": "sha512-I7AIg5boAr5R0FFtJ6rCfD+LFsWHp81dolrFD8S79U9tb8Az2nGrJncnMSnys+bpQJfRUzqs9hnA81OAA3hCuQ==",
      "license": "MIT",
      "bin": {
        "prettier": "bin/prettier.cjs"
      },
      "engines": {
        "node": ">=14"
      },
      "funding": {
        "url": "https://github.com/prettier/prettier?sponsor=1"
      }
    },
    "node_modules/pretty-ms": {
      "version": "9.3.0",
      "resolved": "https://registry.npmjs.org/pretty-ms/-/pretty-ms-9.3.0.tgz",
      "integrity": "sha512-gjVS5hOP+M3wMm5nmNOucbIrqudzs9v/57bWRHQWLYklXqoXKrVfYW2W9+glfGsqtPgpiz5WwyEEB+ksXIx3gQ==",
      "license": "MIT",
      "dependencies": {
        "parse-ms": "^4.0.0"
      },
      "engines": {
        "node": ">=18"
      },
      "funding": {
        "url": "https://github.com/sponsors/sindresorhus"
      }
    },
    "node_modules/run-async": {
      "version": "4.0.6",
      "resolved": "https://registry.npmjs.org/run-async/-/run-async-4.0.6.tgz",
      "integrity": "sha512-IoDlSLTs3Yq593mb3ZoKWKXMNu3UpObxhgA/Xuid5p4bbfi2jdY1Hj0m1K+0/tEuQTxIGMhQDqGjKb7RuxGpAQ==",
      "license": "MIT",
      "engines": {
        "node": ">=0.12.0"
      }
    },
    "node_modules/rxjs": {
      "version": "7.8.2",
      "resolved": "https://registry.npmjs.org/rxjs/-/rxjs-7.8.2.tgz",
      "integrity": "sha512-dhKf903U/PQZY6boNNtAGdWbG85WAbjT/1xYoZIC7FAY0yWapOBQVsVrDl58W86//e1VpMNBtRV4MaXfdMySFA==",
      "license": "Apache-2.0",
      "dependencies": {
        "tslib": "^2.1.0"
      }
    },
    "node_modules/safer-buffer": {
      "version": "2.1.2",
      "resolved": "https://registry.npmjs.org/safer-buffer/-/safer-buffer-2.1.2.tgz",
      "integrity": "sha512-YZo3K82SD7Riyi0E1EQPojLz7kpepnSQI9IyPbHHg1XXXevb5dJI7tpyN2ADxGcQbHG7vcyRHk0cbwqcQriUtg==",
      "license": "MIT"
    },
    "node_modules/shebang-command": {
      "version": "2.0.0",
      "resolved": "https://registry.npmjs.org/shebang-command/-/shebang-command-2.0.0.tgz",
      "integrity": "sha512-kHxr2zZpYtdmrN1qDjrrX/Z1rR1kG8Dx+gkpK1G4eXmvXswmcE1hTWBWYUzlraYw1/yZp6YuDY77YtvbN0dmDA==",
      "license": "MIT",
      "dependencies": {
        "shebang-regex": "^3.0.0"
      },
      "engines": {
        "node": ">=8"
      }
    },
    "node_modules/shebang-regex": {
      "version": "3.0.0",
      "resolved": "https://registry.npmjs.org/shebang-regex/-/shebang-regex-3.0.0.tgz",
      "integrity": "sha512-7++dFhtcx3353uBaq8DDR4NuxBetBzC7ZQOhmTQInHEd6bSrXdiEyzCvG07Z44UYdLShWUyXt5M/yhz8ekcb1A==",
      "license": "MIT",
      "engines": {
        "node": ">=8"
      }
    },
    "node_modules/signal-exit": {
      "version": "4.1.0",
      "resolved": "https://registry.npmjs.org/signal-exit/-/signal-exit-4.1.0.tgz",
      "integrity": "sha512-bzyZ1e88w9O1iNJbKnOlvYTrWPDl46O1bG0D3XInv+9tkPrxrN8jUUTiFlDkkmKWgn1M6CfIA13SuGqOa9Korw==",
      "license": "ISC",
      "engines": {
        "node": ">=14"
      },
      "funding": {
        "url": "https://github.com/sponsors/isaacs"
      }
    },
    "node_modules/spdx-license-list": {
      "version": "6.10.0",
      "resolved": "https://registry.npmjs.org/spdx-license-list/-/spdx-license-list-6.10.0.tgz",
      "integrity": "sha512-wF3RhDFoqdu14d1Prv6c8aNU0FSRuSFJpNjWeygIZcNZEwPxp7I5/Hwo8j6lSkBKWAIkSQrKefrC5N0lvOP0Gw==",
      "license": "CC0-1.0",
      "engines": {
        "node": ">=8"
      },
      "funding": {
        "url": "https://github.com/sponsors/sindresorhus"
      }
    },
    "node_modules/string-width": {
      "version": "7.2.0",
      "resolved": "https://registry.npmjs.org/string-width/-/string-width-7.2.0.tgz",
      "integrity": "sha512-tsaTIkKW9b4N+AEj+SVA+WhJzV7/zMhcSu78mLKWSk7cXMOSHsBKFWUs0fWwq8QyK3MgJBQRX6Gbi4kYbdvGkQ==",
      "license": "MIT",
      "dependencies": {
        "emoji-regex": "^10.3.0",
        "get-east-asian-width": "^1.0.0",
        "strip-ansi": "^7.1.0"
      },
      "engines": {
        "node": ">=18"
      },
      "funding": {
        "url": "https://github.com/sponsors/sindresorhus"
      }
    },
    "node_modules/strip-ansi": {
      "version": "7.1.2",
      "resolved": "https://registry.npmjs.org/strip-ansi/-/strip-ansi-7.1.2.tgz",
      "integrity": "sha512-gmBGslpoQJtgnMAvOVqGZpEz9dyoKTCzy2nfz/n8aIFhN/jCE/rCmcxabB6jOOHV+0WNnylOxaxBQPSvcWklhA==",
      "license": "MIT",
      "dependencies": {
        "ansi-regex": "^6.0.1"
      },
      "engines": {
        "node": ">=12"
      },
      "funding": {
        "url": "https://github.com/chalk/strip-ansi?sponsor=1"
      }
    },
    "node_modules/strip-final-newline": {
      "version": "4.0.0",
      "resolved": "https://registry.npmjs.org/strip-final-newline/-/strip-final-newline-4.0.0.tgz",
      "integrity": "sha512-aulFJcD6YK8V1G7iRB5tigAP4TsHBZZrOV8pjV++zdUwmeV8uzbY7yn6h9MswN62adStNZFuCIx4haBnRuMDaw==",
      "license": "MIT",
      "engines": {
        "node": ">=18"
      },
      "funding": {
        "url": "https://github.com/sponsors/sindresorhus"
      }
    },
    "node_modules/system-architecture": {
      "version": "0.1.0",
      "resolved": "https://registry.npmjs.org/system-architecture/-/system-architecture-0.1.0.tgz",
      "integrity": "sha512-ulAk51I9UVUyJgxlv9M6lFot2WP3e7t8Kz9+IS6D4rVba1tR9kON+Ey69f+1R4Q8cd45Lod6a4IcJIxnzGc/zA==",
      "license": "MIT",
      "engines": {
        "node": ">=18"
      },
      "funding": {
        "url": "https://github.com/sponsors/sindresorhus"
      }
    },
    "node_modules/tslib": {
      "version": "2.8.1",
      "resolved": "https://registry.npmjs.org/tslib/-/tslib-2.8.1.tgz",
      "integrity": "sha512-oJFu94HQb+KVduSUQL7wnpmqnfmLsOA/nAh6b6EH0wCEoK0/mPeXU6c3wKDV83MkOuHPRHtSXKKU99IBazS/2w==",
      "license": "0BSD"
    },
    "node_modules/undici-types": {
      "version": "7.16.0",
      "resolved": "https://registry.npmjs.org/undici-types/-/undici-types-7.16.0.tgz",
      "integrity": "sha512-Zz+aZWSj8LE6zoxD+xrjh4VfkIG8Ya6LvYkZqtUQGJPZjYl53ypCaUwWqo7eI0x66KBGeRo+mlBEkMSeSZ38Nw==",
      "devOptional": true,
      "license": "MIT"
    },
    "node_modules/unicorn-magic": {
      "version": "0.3.0",
      "resolved": "https://registry.npmjs.org/unicorn-magic/-/unicorn-magic-0.3.0.tgz",
      "integrity": "sha512-+QBBXBCvifc56fsbuxZQ6Sic3wqqc3WWaqxs58gvJrcOuN83HGTCwz3oS5phzU9LthRNE9VrJCFCLUgHeeFnfA==",
      "license": "MIT",
      "engines": {
        "node": ">=18"
      },
      "funding": {
        "url": "https://github.com/sponsors/sindresorhus"
      }
    },
    "node_modules/universal-user-agent": {
      "version": "7.0.3",
      "resolved": "https://registry.npmjs.org/universal-user-agent/-/universal-user-agent-7.0.3.tgz",
      "integrity": "sha512-TmnEAEAsBJVZM/AADELsK76llnwcf9vMKuPz8JflO1frO8Lchitr0fNaN9d+Ap0BjKtqWqd/J17qeDnXh8CL2A==",
      "license": "ISC"
    },
    "node_modules/which": {
      "version": "2.0.2",
      "resolved": "https://registry.npmjs.org/which/-/which-2.0.2.tgz",
      "integrity": "sha512-BLI3Tl1TW3Pvl70l3yq3Y64i+awpwXqsGBYWkkqMtnbXgrMD+yj7rhW0kuEDxzJaYXGjEW5ogapKNMEKNMjibA==",
      "license": "ISC",
      "dependencies": {
        "isexe": "^2.0.0"
      },
      "bin": {
        "node-which": "bin/node-which"
      },
      "engines": {
        "node": ">= 8"
      }
    },
    "node_modules/wrap-ansi": {
      "version": "9.0.2",
      "resolved": "https://registry.npmjs.org/wrap-ansi/-/wrap-ansi-9.0.2.tgz",
      "integrity": "sha512-42AtmgqjV+X1VpdOfyTGOYRi0/zsoLqtXQckTmqTeybT+BDIbM/Guxo7x3pE2vtpr1ok6xRqM9OpBe+Jyoqyww==",
      "license": "MIT",
      "dependencies": {
        "ansi-styles": "^6.2.1",
        "string-width": "^7.0.0",
        "strip-ansi": "^7.1.0"
      },
      "engines": {
        "node": ">=18"
      },
      "funding": {
        "url": "https://github.com/chalk/wrap-ansi?sponsor=1"
      }
    },
    "node_modules/yoctocolors": {
      "version": "2.1.2",
      "resolved": "https://registry.npmjs.org/yoctocolors/-/yoctocolors-2.1.2.tgz",
      "integrity": "sha512-CzhO+pFNo8ajLM2d2IW/R93ipy99LWjtwblvC1RsoSUMZgyLbYFr221TnSNT7GjGdYui6P459mw9JH/g/zW2ug==",
      "license": "MIT",
      "engines": {
        "node": ">=18"
      },
      "funding": {
        "url": "https://github.com/sponsors/sindresorhus"
      }
    }
  }
}
